
Microsoft Visual Studio Solution File, Format Version 12.00
# Visual Studio Version 17
VisualStudioVersion = 17.11.35222.181
MinimumVisualStudioVersion = 10.0.40219.1
Project("{8BC9CEB8-8B4A-11D0-8D11-00A0C91BC942}") = "GK4_UTS_Mario_070_088_097", "GK4_UTS_Mario_070_088_097.vcxproj", "{645CC835-9A91-4E0F-AE31-D335F3A72186}"
EndProject
Global
	GlobalSection(SolutionConfigurationPlatforms) = preSolution
		Debug|x64 = Debug|x64
		Debug|x86 = Debug|x86
		Release|x64 = Release|x64
		Release|x86 = Release|x86
	EndGlobalSection
	GlobalSection(ProjectConfigurationPlatforms) = postSolution
		{645CC835-9A91-4E0F-AE31-D335F3A72186}.Debug|x64.ActiveCfg = Debug|Win32
		{645CC835-9A91-4E0F-AE31-D335F3A72186}.Debug|x64.Build.0 = Debug|Win32
		{645CC835-9A91-4E0F-AE31-D335F3A72186}.Debug|x86.ActiveCfg = Debug|Win32
		{645CC835-9A91-4E0F-AE31-D335F3A72186}.Debug|x86.Build.0 = Debug|Win32
		{645CC835-9A91-4E0F-AE31-D335F3A72186}.Release|x64.ActiveCfg = Release|x64
		{645CC835-9A91-4E0F-AE31-D335F3A72186}.Release|x64.Build.0 = Release|x64
		{645CC835-9A91-4E0F-AE31-D335F3A72186}.Release|x86.ActiveCfg = Release|Win32
		{645CC835-9A91-4E0F-AE31-D335F3A72186}.Release|x86.Build.0 = Release|Win32
	EndGlobalSection
	GlobalSection(SolutionProperties) = preSolution
		HideSolutionNode = FALSE
	EndGlobalSection
	GlobalSection(ExtensibilityGlobals) = postSolution
		SolutionGuid = {173EE041-4ACD-4E11-86D5-6E203F3B422D}
	EndGlobalSection
EndGlobal
